
Microsoft Visual Studio Solution File, Format Version 12.00
# Visual Studio Version 16
VisualStudioVersion = 16.0.30413.136
MinimumVisualStudioVersion = 10.0.40219.1
Project("{9A19103F-16F7-4668-BE54-9A1E7A4F7556}") = "Ecommerce.API", "Ecommerce.API\Ecommerce.API.csproj", "{AFBF218E-AF5B-469C-B769-83B3F16D3DBE}"
EndProject
Project("{FAE04EC0-301F-11D3-BF4B-00C04F79EFBC}") = "Ecommerce.Helpers", "Ecommerce.Helpers\Ecommerce.Helpers.csproj", "{BD14DB4D-9EB4-474B-BE2C-7E8BA0577237}"
EndProject
Global
	GlobalSection(SolutionConfigurationPlatforms) = preSolution
		Debug|Any CPU = Debug|Any CPU
		Release|Any CPU = Release|Any CPU
	EndGlobalSection
	GlobalSection(ProjectConfigurationPlatforms) = postSolution
		{AFBF218E-AF5B-469C-B769-83B3F16D3DBE}.Debug|Any CPU.ActiveCfg = Debug|Any CPU
		{AFBF218E-AF5B-469C-B769-83B3F16D3DBE}.Debug|Any CPU.Build.0 = Debug|Any CPU
		{AFBF218E-AF5B-469C-B769-83B3F16D3DBE}.Release|Any CPU.ActiveCfg = Release|Any CPU
		{AFBF218E-AF5B-469C-B769-83B3F16D3DBE}.Release|Any CPU.Build.0 = Release|Any CPU
		{BD14DB4D-9EB4-474B-BE2C-7E8BA0577237}.Debug|Any CPU.ActiveCfg = Debug|Any CPU
		{BD14DB4D-9EB4-474B-BE2C-7E8BA0577237}.Debug|Any CPU.Build.0 = Debug|Any CPU
		{BD14DB4D-9EB4-474B-BE2C-7E8BA0577237}.Release|Any CPU.ActiveCfg = Release|Any CPU
		{BD14DB4D-9EB4-474B-BE2C-7E8BA0577237}.Release|Any CPU.Build.0 = Release|Any CPU
	EndGlobalSection
	GlobalSection(SolutionProperties) = preSolution
		HideSolutionNode = FALSE
	EndGlobalSection
	GlobalSection(ExtensibilityGlobals) = postSolution
		SolutionGuid = {CA82290B-9EE6-4183-8BA7-FF1D5A2B7072}
	EndGlobalSection
EndGlobal
